# THIS IS AN AUTOGENERATED FILE. DO NOT EDIT THIS FILE DIRECTLY.
# yarn lockfile v1


module-alias@^2.2.0:
  version "2.2.0"
  resolved "https://registry.yarnpkg.com/module-alias/-/module-alias-2.2.0.tgz#a2e32275381642252bf0c51405f7a09a367479b5"
  integrity sha512-O4bbvlZkHj2LUQhieQWWCr486ddc8X+WwRqi3QGnFKfknaxdHTOB7+xRgeyWHc6arpjgtT5SLLMMTFwUM3/x5w==

typescript@^3.4.5:
  version "3.4.5"
  resolved "https://registry.yarnpkg.com/typescript/-/typescript-3.4.5.tgz#2d2618d10bb566572b8d7aad5180d84257d70a99"
  integrity sha512-YycBxUb49UUhdNMU5aJ7z5Ej2XGmaIBL0x34vZ82fn3hGvD+bgrMrVDpatgz2f7YxUMJxMkbWxJZeAvDxVe7Vw==
