# THIS IS AN AUTOGENERATED FILE. DO NOT EDIT THIS FILE DIRECTLY.
# yarn lockfile v1


module-alias@^2.2.0:
  version "2.2.0"
  resolved "https://registry.yarnpkg.com/module-alias/-/module-alias-2.2.0.tgz#a2e32275381642252bf0c51405f7a09a367479b5"
  integrity sha512-O4bbvlZkHj2LUQhieQWWCr486ddc8X+WwRqi3QGnFKfknaxdHTOB7+xRgeyWHc6arpjgtT5SLLMMTFwUM3/x5w==
